
Microsoft Visual Studio Solution File, Format Version 12.00
# Visual Studio Version 16
VisualStudioVersion = 16.0.31624.102
MinimumVisualStudioVersion = 10.0.40219.1
Project("{FAE04EC0-301F-11D3-BF4B-00C04F79EFBC}") = "Tarefas.UWP", "Tarefas\Tarefas.UWP\Tarefas.UWP.csproj", "{1EC1E692-DFC2-47CF-85E6-C33A9DE11306}"
EndProject
Project("{FAE04EC0-301F-11D3-BF4B-00C04F79EFBC}") = "Tarefas.Android", "Tarefas\Tarefas.Android\Tarefas.Android.csproj", "{A196AACE-746D-4E33-A621-3096053F48CB}"
EndProject
Project("{FAE04EC0-301F-11D3-BF4B-00C04F79EFBC}") = "Tarefas.iOS", "Tarefas\Tarefas.iOS\Tarefas.iOS.csproj", "{47CD6952-63DB-4514-A968-B7C3A9EBBB0B}"
EndProject
Project("{FAE04EC0-301F-11D3-BF4B-00C04F79EFBC}") = "Tarefas", "Tarefas\Tarefas\Tarefas.csproj", "{DBC7A7B1-EABD-45F2-A171-899BAACAD19F}"
EndProject
Global
	GlobalSection(SolutionConfigurationPlatforms) = preSolution
		Debug|Any CPU = Debug|Any CPU
		Debug|ARM = Debug|ARM
		Debug|iPhone = Debug|iPhone
		Debug|iPhoneSimulator = Debug|iPhoneSimulator
		Debug|x64 = Debug|x64
		Debug|x86 = Debug|x86
		Release|Any CPU = Release|Any CPU
		Release|ARM = Release|ARM
		Release|iPhone = Release|iPhone
		Release|iPhoneSimulator = Release|iPhoneSimulator
		Release|x64 = Release|x64
		Release|x86 = Release|x86
	EndGlobalSection
	GlobalSection(ProjectConfigurationPlatforms) = postSolution
		{1EC1E692-DFC2-47CF-85E6-C33A9DE11306}.Debug|Any CPU.ActiveCfg = Debug|x86
		{1EC1E692-DFC2-47CF-85E6-C33A9DE11306}.Debug|Any CPU.Build.0 = Debug|x86
		{1EC1E692-DFC2-47CF-85E6-C33A9DE11306}.Debug|Any CPU.Deploy.0 = Debug|x86
		{1EC1E692-DFC2-47CF-85E6-C33A9DE11306}.Debug|ARM.ActiveCfg = Debug|ARM
		{1EC1E692-DFC2-47CF-85E6-C33A9DE11306}.Debug|ARM.Build.0 = Debug|ARM
		{1EC1E692-DFC2-47CF-85E6-C33A9DE11306}.Debug|ARM.Deploy.0 = Debug|ARM
		{1EC1E692-DFC2-47CF-85E6-C33A9DE11306}.Debug|iPhone.ActiveCfg = Debug|x86
		{1EC1E692-DFC2-47CF-85E6-C33A9DE11306}.Debug|iPhone.Build.0 = Debug|x86
		{1EC1E692-DFC2-47CF-85E6-C33A9DE11306}.Debug|iPhone.Deploy.0 = Debug|x86
		{1EC1E692-DFC2-47CF-85E6-C33A9DE11306}.Debug|iPhoneSimulator.ActiveCfg = Debug|x86
		{1EC1E692-DFC2-47CF-85E6-C33A9DE11306}.Debug|iPhoneSimulator.Build.0 = Debug|x86
		{1EC1E692-DFC2-47CF-85E6-C33A9DE11306}.Debug|iPhoneSimulator.Deploy.0 = Debug|x86
		{1EC1E692-DFC2-47CF-85E6-C33A9DE11306}.Debug|x64.ActiveCfg = Debug|x64
		{1EC1E692-DFC2-47CF-85E6-C33A9DE11306}.Debug|x64.Build.0 = Debug|x64
		{1EC1E692-DFC2-47CF-85E6-C33A9DE11306}.Debug|x64.Deploy.0 = Debug|x64
		{1EC1E692-DFC2-47CF-85E6-C33A9DE11306}.Debug|x86.ActiveCfg = Debug|x86
		{1EC1E692-DFC2-47CF-85E6-C33A9DE11306}.Debug|x86.Build.0 = Debug|x86
		{1EC1E692-DFC2-47CF-85E6-C33A9DE11306}.Debug|x86.Deploy.0 = Debug|x86
		{1EC1E692-DFC2-47CF-85E6-C33A9DE11306}.Release|Any CPU.ActiveCfg = Release|x86
		{1EC1E692-DFC2-47CF-85E6-C33A9DE11306}.Release|Any CPU.Build.0 = Release|x86
		{1EC1E692-DFC2-47CF-85E6-C33A9DE11306}.Release|Any CPU.Deploy.0 = Release|x86
		{1EC1E692-DFC2-47CF-85E6-C33A9DE11306}.Release|ARM.ActiveCfg = Release|ARM
		{1EC1E692-DFC2-47CF-85E6-C33A9DE11306}.Release|ARM.Build.0 = Release|ARM
		{1EC1E692-DFC2-47CF-85E6-C33A9DE11306}.Release|ARM.Deploy.0 = Release|ARM
		{1EC1E692-DFC2-47CF-85E6-C33A9DE11306}.Release|iPhone.ActiveCfg = Release|x86
		{1EC1E692-DFC2-47CF-85E6-C33A9DE11306}.Release|iPhone.Build.0 = Release|x86
		{1EC1E692-DFC2-47CF-85E6-C33A9DE11306}.Release|iPhone.Deploy.0 = Release|x86
		{1EC1E692-DFC2-47CF-85E6-C33A9DE11306}.Release|iPhoneSimulator.ActiveCfg = Release|x86
		{1EC1E692-DFC2-47CF-85E6-C33A9DE11306}.Release|iPhoneSimulator.Build.0 = Release|x86
		{1EC1E692-DFC2-47CF-85E6-C33A9DE11306}.Release|iPhoneSimulator.Deploy.0 = Release|x86
		{1EC1E692-DFC2-47CF-85E6-C33A9DE11306}.Release|x64.ActiveCfg = Release|x64
		{1EC1E692-DFC2-47CF-85E6-C33A9DE11306}.Release|x64.Build.0 = Release|x64
		{1EC1E692-DFC2-47CF-85E6-C33A9DE11306}.Release|x64.Deploy.0 = Release|x64
		{1EC1E692-DFC2-47CF-85E6-C33A9DE11306}.Release|x86.ActiveCfg = Release|x86
		{1EC1E692-DFC2-47CF-85E6-C33A9DE11306}.Release|x86.Build.0 = Release|x86
		{1EC1E692-DFC2-47CF-85E6-C33A9DE11306}.Release|x86.Deploy.0 = Release|x86
		{A196AACE-746D-4E33-A621-3096053F48CB}.Debug|Any CPU.ActiveCfg = Debug|Any CPU
		{A196AACE-746D-4E33-A621-3096053F48CB}.Debug|Any CPU.Build.0 = Debug|Any CPU
		{A196AACE-746D-4E33-A621-3096053F48CB}.Debug|Any CPU.Deploy.0 = Debug|Any CPU
		{A196AACE-746D-4E33-A621-3096053F48CB}.Debug|ARM.ActiveCfg = Debug|Any CPU
		{A196AACE-746D-4E33-A621-3096053F48CB}.Debug|ARM.Build.0 = Debug|Any CPU
		{A196AACE-746D-4E33-A621-3096053F48CB}.Debug|ARM.Deploy.0 = Debug|Any CPU
		{A196AACE-746D-4E33-A621-3096053F48CB}.Debug|iPhone.ActiveCfg = Debug|Any CPU
		{A196AACE-746D-4E33-A621-3096053F48CB}.Debug|iPhone.Build.0 = Debug|Any CPU
		{A196AACE-746D-4E33-A621-3096053F48CB}.Debug|iPhone.Deploy.0 = Debug|Any CPU
		{A196AACE-746D-4E33-A621-3096053F48CB}.Debug|iPhoneSimulator.ActiveCfg = Debug|Any CPU
		{A196AACE-746D-4E33-A621-3096053F48CB}.Debug|iPhoneSimulator.Build.0 = Debug|Any CPU
		{A196AACE-746D-4E33-A621-3096053F48CB}.Debug|iPhoneSimulator.Deploy.0 = Debug|Any CPU
		{A196AACE-746D-4E33-A621-3096053F48CB}.Debug|x64.ActiveCfg = Debug|Any CPU
		{A196AACE-746D-4E33-A621-3096053F48CB}.Debug|x64.Build.0 = Debug|Any CPU
		{A196AACE-746D-4E33-A621-3096053F48CB}.Debug|x64.Deploy.0 = Debug|Any CPU
		{A196AACE-746D-4E33-A621-3096053F48CB}.Debug|x86.ActiveCfg = Debug|Any CPU
		{A196AACE-746D-4E33-A621-3096053F48CB}.Debug|x86.Build.0 = Debug|Any CPU
		{A196AACE-746D-4E33-A621-3096053F48CB}.Debug|x86.Deploy.0 = Debug|Any CPU
		{A196AACE-746D-4E33-A621-3096053F48CB}.Release|Any CPU.ActiveCfg = Release|Any CPU
		{A196AACE-746D-4E33-A621-3096053F48CB}.Release|Any CPU.Build.0 = Release|Any CPU
		{A196AACE-746D-4E33-A621-3096053F48CB}.Release|Any CPU.Deploy.0 = Release|Any CPU
		{A196AACE-746D-4E33-A621-3096053F48CB}.Release|ARM.ActiveCfg = Release|Any CPU
		{A196AACE-746D-4E33-A621-3096053F48CB}.Release|ARM.Build.0 = Release|Any CPU
		{A196AACE-746D-4E33-A621-3096053F48CB}.Release|ARM.Deploy.0 = Release|Any CPU
		{A196AACE-746D-4E33-A621-3096053F48CB}.Release|iPhone.ActiveCfg = Release|Any CPU
		{A196AACE-746D-4E33-A621-3096053F48CB}.Release|iPhone.Build.0 = Release|Any CPU
		{A196AACE-746D-4E33-A621-3096053F48CB}.Release|iPhone.Deploy.0 = Release|Any CPU
		{A196AACE-746D-4E33-A621-3096053F48CB}.Release|iPhoneSimulator.ActiveCfg = Release|Any CPU
		{A196AACE-746D-4E33-A621-3096053F48CB}.Release|iPhoneSimulator.Build.0 = Release|Any CPU
		{A196AACE-746D-4E33-A621-3096053F48CB}.Release|iPhoneSimulator.Deploy.0 = Release|Any CPU
		{A196AACE-746D-4E33-A621-3096053F48CB}.Release|x64.ActiveCfg = Release|Any CPU
		{A196AACE-746D-4E33-A621-3096053F48CB}.Release|x64.Build.0 = Release|Any CPU
		{A196AACE-746D-4E33-A621-3096053F48CB}.Release|x64.Deploy.0 = Release|Any CPU
		{A196AACE-746D-4E33-A621-3096053F48CB}.Release|x86.ActiveCfg = Release|Any CPU
		{A196AACE-746D-4E33-A621-3096053F48CB}.Release|x86.Build.0 = Release|Any CPU
		{A196AACE-746D-4E33-A621-3096053F48CB}.Release|x86.Deploy.0 = Release|Any CPU
		{47CD6952-63DB-4514-A968-B7C3A9EBBB0B}.Debug|Any CPU.ActiveCfg = Debug|iPhoneSimulator
		{47CD6952-63DB-4514-A968-B7C3A9EBBB0B}.Debug|Any CPU.Build.0 = Debug|iPhoneSimulator
		{47CD6952-63DB-4514-A968-B7C3A9EBBB0B}.Debug|Any CPU.Deploy.0 = Debug|iPhoneSimulator
		{47CD6952-63DB-4514-A968-B7C3A9EBBB0B}.Debug|ARM.ActiveCfg = Debug|iPhone
		{47CD6952-63DB-4514-A968-B7C3A9EBBB0B}.Debug|ARM.Build.0 = Debug|iPhone
		{47CD6952-63DB-4514-A968-B7C3A9EBBB0B}.Debug|ARM.Deploy.0 = Debug|iPhone
		{47CD6952-63DB-4514-A968-B7C3A9EBBB0B}.Debug|iPhone.ActiveCfg = Debug|iPhone
		{47CD6952-63DB-4514-A968-B7C3A9EBBB0B}.Debug|iPhone.Build.0 = Debug|iPhone
		{47CD6952-63DB-4514-A968-B7C3A9EBBB0B}.Debug|iPhone.Deploy.0 = Debug|iPhone
		{47CD6952-63DB-4514-A968-B7C3A9EBBB0B}.Debug|iPhoneSimulator.ActiveCfg = Debug|iPhoneSimulator
		{47CD6952-63DB-4514-A968-B7C3A9EBBB0B}.Debug|iPhoneSimulator.Build.0 = Debug|iPhoneSimulator
		{47CD6952-63DB-4514-A968-B7C3A9EBBB0B}.Debug|iPhoneSimulator.Deploy.0 = Debug|iPhoneSimulator
		{47CD6952-63DB-4514-A968-B7C3A9EBBB0B}.Debug|x64.ActiveCfg = Debug|iPhoneSimulator
		{47CD6952-63DB-4514-A968-B7C3A9EBBB0B}.Debug|x64.Build.0 = Debug|iPhoneSimulator
		{47CD6952-63DB-4514-A968-B7C3A9EBBB0B}.Debug|x64.Deploy.0 = Debug|iPhoneSimulator
		{47CD6952-63DB-4514-A968-B7C3A9EBBB0B}.Debug|x86.ActiveCfg = Debug|iPhoneSimulator
		{47CD6952-63DB-4514-A968-B7C3A9EBBB0B}.Debug|x86.Build.0 = Debug|iPhoneSimulator
		{47CD6952-63DB-4514-A968-B7C3A9EBBB0B}.Debug|x86.Deploy.0 = Debug|iPhoneSimulator
		{47CD6952-63DB-4514-A968-B7C3A9EBBB0B}.Release|Any CPU.ActiveCfg = Release|iPhoneSimulator
		{47CD6952-63DB-4514-A968-B7C3A9EBBB0B}.Release|Any CPU.Build.0 = Release|iPhoneSimulator
		{47CD6952-63DB-4514-A968-B7C3A9EBBB0B}.Release|Any CPU.Deploy.0 = Release|iPhoneSimulator
		{47CD6952-63DB-4514-A968-B7C3A9EBBB0B}.Release|ARM.ActiveCfg = Release|iPhoneSimulator
		{47CD6952-63DB-4514-A968-B7C3A9EBBB0B}.Release|ARM.Build.0 = Release|iPhoneSimulator
		{47CD6952-63DB-4514-A968-B7C3A9EBBB0B}.Release|ARM.Deploy.0 = Release|iPhoneSimulator
		{47CD6952-63DB-4514-A968-B7C3A9EBBB0B}.Release|iPhone.ActiveCfg = Release|iPhone
		{47CD6952-63DB-4514-A968-B7C3A9EBBB0B}.Release|iPhone.Build.0 = Release|iPhone
		{47CD6952-63DB-4514-A968-B7C3A9EBBB0B}.Release|iPhone.Deploy.0 = Release|iPhone
		{47CD6952-63DB-4514-A968-B7C3A9EBBB0B}.Release|iPhoneSimulator.ActiveCfg = Release|iPhoneSimulator
		{47CD6952-63DB-4514-A968-B7C3A9EBBB0B}.Release|iPhoneSimulator.Build.0 = Release|iPhoneSimulator
		{47CD6952-63DB-4514-A968-B7C3A9EBBB0B}.Release|iPhoneSimulator.Deploy.0 = Release|iPhoneSimulator
		{47CD6952-63DB-4514-A968-B7C3A9EBBB0B}.Release|x64.ActiveCfg = Release|iPhoneSimulator
		{47CD6952-63DB-4514-A968-B7C3A9EBBB0B}.Release|x64.Build.0 = Release|iPhoneSimulator
		{47CD6952-63DB-4514-A968-B7C3A9EBBB0B}.Release|x64.Deploy.0 = Release|iPhoneSimulator
		{47CD6952-63DB-4514-A968-B7C3A9EBBB0B}.Release|x86.ActiveCfg = Release|iPhoneSimulator
		{47CD6952-63DB-4514-A968-B7C3A9EBBB0B}.Release|x86.Build.0 = Release|iPhoneSimulator
		{47CD6952-63DB-4514-A968-B7C3A9EBBB0B}.Release|x86.Deploy.0 = Release|iPhoneSimulator
		{DBC7A7B1-EABD-45F2-A171-899BAACAD19F}.Debug|Any CPU.ActiveCfg = Debug|Any CPU
		{DBC7A7B1-EABD-45F2-A171-899BAACAD19F}.Debug|Any CPU.Build.0 = Debug|Any CPU
		{DBC7A7B1-EABD-45F2-A171-899BAACAD19F}.Debug|Any CPU.Deploy.0 = Debug|Any CPU
		{DBC7A7B1-EABD-45F2-A171-899BAACAD19F}.Debug|ARM.ActiveCfg = Debug|Any CPU
		{DBC7A7B1-EABD-45F2-A171-899BAACAD19F}.Debug|ARM.Build.0 = Debug|Any CPU
		{DBC7A7B1-EABD-45F2-A171-899BAACAD19F}.Debug|ARM.Deploy.0 = Debug|Any CPU
		{DBC7A7B1-EABD-45F2-A171-899BAACAD19F}.Debug|iPhone.ActiveCfg = Debug|Any CPU
		{DBC7A7B1-EABD-45F2-A171-899BAACAD19F}.Debug|iPhone.Build.0 = Debug|Any CPU
		{DBC7A7B1-EABD-45F2-A171-899BAACAD19F}.Debug|iPhone.Deploy.0 = Debug|Any CPU
		{DBC7A7B1-EABD-45F2-A171-899BAACAD19F}.Debug|iPhoneSimulator.ActiveCfg = Debug|Any CPU
		{DBC7A7B1-EABD-45F2-A171-899BAACAD19F}.Debug|iPhoneSimulator.Build.0 = Debug|Any CPU
		{DBC7A7B1-EABD-45F2-A171-899BAACAD19F}.Debug|iPhoneSimulator.Deploy.0 = Debug|Any CPU
		{DBC7A7B1-EABD-45F2-A171-899BAACAD19F}.Debug|x64.ActiveCfg = Debug|Any CPU
		{DBC7A7B1-EABD-45F2-A171-899BAACAD19F}.Debug|x64.Build.0 = Debug|Any CPU
		{DBC7A7B1-EABD-45F2-A171-899BAACAD19F}.Debug|x64.Deploy.0 = Debug|Any CPU
		{DBC7A7B1-EABD-45F2-A171-899BAACAD19F}.Debug|x86.ActiveCfg = Debug|Any CPU
		{DBC7A7B1-EABD-45F2-A171-899BAACAD19F}.Debug|x86.Build.0 = Debug|Any CPU
		{DBC7A7B1-EABD-45F2-A171-899BAACAD19F}.Debug|x86.Deploy.0 = Debug|Any CPU
		{DBC7A7B1-EABD-45F2-A171-899BAACAD19F}.Release|Any CPU.ActiveCfg = Release|Any CPU
		{DBC7A7B1-EABD-45F2-A171-899BAACAD19F}.Release|Any CPU.Build.0 = Release|Any CPU
		{DBC7A7B1-EABD-45F2-A171-899BAACAD19F}.Release|Any CPU.Deploy.0 = Release|Any CPU
		{DBC7A7B1-EABD-45F2-A171-899BAACAD19F}.Release|ARM.ActiveCfg = Release|Any CPU
		{DBC7A7B1-EABD-45F2-A171-899BAACAD19F}.Release|ARM.Build.0 = Release|Any CPU
		{DBC7A7B1-EABD-45F2-A171-899BAACAD19F}.Release|ARM.Deploy.0 = Release|Any CPU
		{DBC7A7B1-EABD-45F2-A171-899BAACAD19F}.Release|iPhone.ActiveCfg = Release|Any CPU
		{DBC7A7B1-EABD-45F2-A171-899BAACAD19F}.Release|iPhone.Build.0 = Release|Any CPU
		{DBC7A7B1-EABD-45F2-A171-899BAACAD19F}.Release|iPhone.Deploy.0 = Release|Any CPU
		{DBC7A7B1-EABD-45F2-A171-899BAACAD19F}.Release|iPhoneSimulator.ActiveCfg = Release|Any CPU
		{DBC7A7B1-EABD-45F2-A171-899BAACAD19F}.Release|iPhoneSimulator.Build.0 = Release|Any CPU
		{DBC7A7B1-EABD-45F2-A171-899BAACAD19F}.Release|iPhoneSimulator.Deploy.0 = Release|Any CPU
		{DBC7A7B1-EABD-45F2-A171-899BAACAD19F}.Release|x64.ActiveCfg = Release|Any CPU
		{DBC7A7B1-EABD-45F2-A171-899BAACAD19F}.Release|x64.Build.0 = Release|Any CPU
		{DBC7A7B1-EABD-45F2-A171-899BAACAD19F}.Release|x64.Deploy.0 = Release|Any CPU
		{DBC7A7B1-EABD-45F2-A171-899BAACAD19F}.Release|x86.ActiveCfg = Release|Any CPU
		{DBC7A7B1-EABD-45F2-A171-899BAACAD19F}.Release|x86.Build.0 = Release|Any CPU
		{DBC7A7B1-EABD-45F2-A171-899BAACAD19F}.Release|x86.Deploy.0 = Release|Any CPU
	EndGlobalSection
	GlobalSection(SolutionProperties) = preSolution
		HideSolutionNode = FALSE
	EndGlobalSection
	GlobalSection(ExtensibilityGlobals) = postSolution
		SolutionGuid = {166D4164-D090-460E-8930-03DB41FB2FFB}
	EndGlobalSection
EndGlobal
